
Microsoft Visual Studio Solution File, Format Version 12.00
# Visual Studio 15
VisualStudioVersion = 15.0.28010.2050
MinimumVisualStudioVersion = 10.0.40219.1
Project("{FAE04EC0-301F-11D3-BF4B-00C04F79EFBC}") = "6-1", "6-1\6-1.csproj", "{B1343DB0-3E50-4916-A2D0-90782F0F1F03}"
EndProject
Global
	GlobalSection(SolutionConfigurationPlatforms) = preSolution
		Debug|Any CPU = Debug|Any CPU
		Release|Any CPU = Release|Any CPU
	EndGlobalSection
	GlobalSection(ProjectConfigurationPlatforms) = postSolution
		{B1343DB0-3E50-4916-A2D0-90782F0F1F03}.Debug|Any CPU.ActiveCfg = Debug|Any CPU
		{B1343DB0-3E50-4916-A2D0-90782F0F1F03}.Debug|Any CPU.Build.0 = Debug|Any CPU
		{B1343DB0-3E50-4916-A2D0-90782F0F1F03}.Release|Any CPU.ActiveCfg = Release|Any CPU
		{B1343DB0-3E50-4916-A2D0-90782F0F1F03}.Release|Any CPU.Build.0 = Release|Any CPU
	EndGlobalSection
	GlobalSection(SolutionProperties) = preSolution
		HideSolutionNode = FALSE
	EndGlobalSection
	GlobalSection(ExtensibilityGlobals) = postSolution
		SolutionGuid = {785C9F80-4907-42E4-BEBB-27CC7426B916}
	EndGlobalSection
EndGlobal
